
Microsoft Visual Studio Solution File, Format Version 12.00
# Visual Studio 2012
Project("{FAE04EC0-301F-11D3-BF4B-00C04F79EFBC}") = "CustomAttribute", "CustomAttribute\CustomAttribute.csproj", "{E035C71F-F893-4D10-9C4D-BC6217FE909F}"
EndProject
Global
	GlobalSection(SolutionConfigurationPlatforms) = preSolution
		Debug|Any CPU = Debug|Any CPU
		Release|Any CPU = Release|Any CPU
	EndGlobalSection
	GlobalSection(ProjectConfigurationPlatforms) = postSolution
		{E035C71F-F893-4D10-9C4D-BC6217FE909F}.Debug|Any CPU.ActiveCfg = Debug|Any CPU
		{E035C71F-F893-4D10-9C4D-BC6217FE909F}.Debug|Any CPU.Build.0 = Debug|Any CPU
		{E035C71F-F893-4D10-9C4D-BC6217FE909F}.Release|Any CPU.ActiveCfg = Release|Any CPU
		{E035C71F-F893-4D10-9C4D-BC6217FE909F}.Release|Any CPU.Build.0 = Release|Any CPU
	EndGlobalSection
	GlobalSection(SolutionProperties) = preSolution
		HideSolutionNode = FALSE
	EndGlobalSection
EndGlobal
